{
  "name": "element-starter",
  "requires": true,
  "lockfileVersion": 1,
  "dependencies": {
    "vuetify": {
      "version": "1.0.17",
      "resolved": "https://registry.npmjs.org/vuetify/-/vuetify-1.0.17.tgz",
      "integrity": "sha512-Tlvb/9mCQEpUJvq2Y7VyXqoxpl+Of93DRwQKlvrvLCYp6wxLqUgMN08poXR6wJt7c+uSFK2BPhXzggnms3Gz8w=="
    }
  }
}
